// !$*UTF8*$!
{
	archiveVersion = 1;
	classes = {
	};
	objectVersion = 50;
	objects = {

/* Begin PBXBuildFile section */
		3FAD02D0238FBC3F0084EDC9 /* AppDelegate.swift in Sources */ = {isa = PBXBuildFile; fileRef = 3FAD02CF238FBC3F0084EDC9 /* AppDelegate.swift */; };
		3FAD02D2238FBC3F0084EDC9 /* SceneDelegate.swift in Sources */ = {isa = PBXBuildFile; fileRef = 3FAD02D1238FBC3F0084EDC9 /* SceneDelegate.swift */; };
		3FAD02D4238FBC3F0084EDC9 /* MealViewController.swift in Sources */ = {isa = PBXBuildFile; fileRef = 3FAD02D3238FBC3F0084EDC9 /* MealViewController.swift */; };
		3FAD02D7238FBC3F0084EDC9 /* Main.storyboard in Resources */ = {isa = PBXBuildFile; fileRef = 3FAD02D5238FBC3F0084EDC9 /* Main.storyboard */; };
		3FAD02D9238FBC420084EDC9 /* Assets.xcassets in Resources */ = {isa = PBXBuildFile; fileRef = 3FAD02D8238FBC420084EDC9 /* Assets.xcassets */; };
		3FAD02DC238FBC420084EDC9 /* LaunchScreen.storyboard in Resources */ = {isa = PBXBuildFile; fileRef = 3FAD02DA238FBC420084EDC9 /* LaunchScreen.storyboard */; };
		3FAD02E4238FE48A0084EDC9 /* RatingControl.swift in Sources */ = {isa = PBXBuildFile; fileRef = 3FAD02E3238FE48A0084EDC9 /* RatingControl.swift */; };
		3FAD02E6238FF8A70084EDC9 /* Meal.swift in Sources */ = {isa = PBXBuildFile; fileRef = 3FAD02E5238FF8A70084EDC9 /* Meal.swift */; };
		3FAD02E8238FFC800084EDC9 /* MealTableViewCell.swift in Sources */ = {isa = PBXBuildFile; fileRef = 3FAD02E7238FFC800084EDC9 /* MealTableViewCell.swift */; };
		3FAD02EA239002C90084EDC9 /* MealTableViewController.swift in Sources */ = {isa = PBXBuildFile; fileRef = 3FAD02E9239002C90084EDC9 /* MealTableViewController.swift */; };
/* End PBXBuildFile section */

/* Begin PBXFileReference section */
		3FAD02CC238FBC3F0084EDC9 /* LabReport11.app */ = {isa = PBXFileReference; explicitFileType = wrapper.application; includeInIndex = 0; path = LabReport11.app; sourceTree = BUILT_PRODUCTS_DIR; };
		3FAD02CF238FBC3F0084EDC9 /* AppDelegate.swift */ = {isa = PBXFileReference; lastKnownFileType = sourcecode.swift; path = AppDelegate.swift; sourceTree = "<group>"; };
		3FAD02D1238FBC3F0084EDC9 /* SceneDelegate.swift */ = {isa = PBXFileReference; lastKnownFileType = sourcecode.swift; path = SceneDelegate.swift; sourceTree = "<group>"; };
		3FAD02D3238FBC3F0084EDC9 /* MealViewController.swift */ = {isa = PBXFileReference; lastKnownFileType = sourcecode.swift; path = MealViewController.swift; sourceTree = "<group>"; };
		3FAD02D6238FBC3F0084EDC9 /* Base */ = {isa = PBXFileReference; lastKnownFileType = file.storyboard; name = Base; path = Base.lproj/Main.storyboard; sourceTree = "<group>"; };
		3FAD02D8238FBC420084EDC9 /* Assets.xcassets */ = {isa = PBXFileReference; lastKnownFileType = folder.assetcatalog; path = Assets.xcassets; sourceTree = "<group>"; };
		3FAD02DB238FBC420084EDC9 /* Base */ = {isa = PBXFileReference; lastKnownFileType = file.storyboard; name = Base; path = Base.lproj/LaunchScreen.storyboard; sourceTree = "<group>"; };
		3FAD02DD238FBC420084EDC9 /* Info.plist */ = {isa = PBXFileReference; lastKnownFileType = text.plist.xml; path = Info.plist; sourceTree = "<group>"; };
		3FAD02E3238FE48A0084EDC9 /* RatingControl.swift */ = {isa = PBXFileReference; lastKnownFileType = sourcecode.swift; path = RatingControl.swift; sourceTree = "<group>"; };
		3FAD02E5238FF8A70084EDC9 /* Meal.swift */ = {isa = PBXFileReference; lastKnownFileType = sourcecode.swift; path = Meal.swift; sourceTree = "<group>"; };
		3FAD02E7238FFC800084EDC9 /* MealTableViewCell.swift */ = {isa = PBXFileReference; lastKnownFileType = sourcecode.swift; path = MealTableViewCell.swift; sourceTree = "<group>"; };
		3FAD02E9239002C90084EDC9 /* MealTableViewController.swift */ = {isa = PBXFileReference; lastKnownFileType = sourcecode.swift; path = MealTableViewController.swift; sourceTree = "<group>"; };
/* End PBXFileReference section */

/* Begin PBXFrameworksBuildPhase section */
		3FAD02C9238FBC3F0084EDC9 /* Frameworks */ = {
			isa = PBXFrameworksBuildPhase;
			buildActionMask = 2147483647;
			files = (
			);
			runOnlyForDeploymentPostprocessing = 0;
		};
/* End PBXFrameworksBuildPhase section */

/* Begin PBXGroup section */
		3FAD02C3238FBC3F0084EDC9 = {
			isa = PBXGroup;
			children = (
				3FAD02CE238FBC3F0084EDC9 /* LabReport11 */,
				3FAD02CD238FBC3F0084EDC9 /* Products */,
			);
			sourceTree = "<group>";
		};
		3FAD02CD238FBC3F0084EDC9 /* Products */ = {
			isa = PBXGroup;
			children = (
				3FAD02CC238FBC3F0084EDC9 /* LabReport11.app */,
			);
			name = Products;
			sourceTree = "<group>";
		};
		3FAD02CE238FBC3F0084EDC9 /* LabReport11 */ = {
			isa = PBXGroup;
			children = (
				3FAD02CF238FBC3F0084EDC9 /* AppDelegate.swift */,
				3FAD02D1238FBC3F0084EDC9 /* SceneDelegate.swift */,
				3FAD02D3238FBC3F0084EDC9 /* MealViewController.swift */,
				3FAD02D5238FBC3F0084EDC9 /* Main.storyboard */,
				3FAD02E9239002C90084EDC9 /* MealTableViewController.swift */,
				3FAD02E7238FFC800084EDC9 /* MealTableViewCell.swift */,
				3FAD02E5238FF8A70084EDC9 /* Meal.swift */,
				3FAD02E3238FE48A0084EDC9 /* RatingControl.swift */,
				3FAD02D8238FBC420084EDC9 /* Assets.xcassets */,
				3FAD02DA238FBC420084EDC9 /* LaunchScreen.storyboard */,
				3FAD02DD238FBC420084EDC9 /* Info.plist */,
			);
			path = LabReport11;
			sourceTree = "<group>";
		};
/* End PBXGroup section */

/* Begin PBXNativeTarget section */
		3FAD02CB238FBC3F0084EDC9 /* LabReport11 */ = {
			isa = PBXNativeTarget;
			buildConfigurationList = 3FAD02E0238FBC420084EDC9 /* Build configuration list for PBXNativeTarget "LabReport11" */;
			buildPhases = (
				3FAD02C8238FBC3F0084EDC9 /* Sources */,
				3FAD02C9238FBC3F0084EDC9 /* Frameworks */,
				3FAD02CA238FBC3F0084EDC9 /* Resources */,
			);
			buildRules = (
			);
			dependencies = (
			);
			name = LabReport11;
			productName = LabReport11;
			productReference = 3FAD02CC238FBC3F0084EDC9 /* LabReport11.app */;
			productType = "com.apple.product-type.application";
		};
/* End PBXNativeTarget section */

/* Begin PBXProject section */
		3FAD02C4238FBC3F0084EDC9 /* Project object */ = {
			isa = PBXProject;
			attributes = {
				LastSwiftUpdateCheck = 1110;
				LastUpgradeCheck = 1110;
				ORGANIZATIONNAME = 2017110110;
				TargetAttributes = {
					3FAD02CB238FBC3F0084EDC9 = {
						CreatedOnToolsVersion = 11.1;
					};
				};
			};
			buildConfigurationList = 3FAD02C7238FBC3F0084EDC9 /* Build configuration list for PBXProject "LabReport11" */;
			compatibilityVersion = "Xcode 9.3";
			developmentRegion = en;
			hasScannedForEncodings = 0;
			knownRegions = (
				en,
				Base,
			);
			mainGroup = 3FAD02C3238FBC3F0084EDC9;
			productRefGroup = 3FAD02CD238FBC3F0084EDC9 /* Products */;
			projectDirPath = "";
			projectRoot = "";
			targets = (
				3FAD02CB238FBC3F0084EDC9 /* LabReport11 */,
			);
		};
/* End PBXProject section */

/* Begin PBXResourcesBuildPhase section */
		3FAD02CA238FBC3F0084EDC9 /* Resources */ = {
			isa = PBXResourcesBuildPhase;
			buildActionMask = 2147483647;
			files = (
				3FAD02DC238FBC420084EDC9 /* LaunchScreen.storyboard in Resources */,
				3FAD02D9238FBC420084EDC9 /* Assets.xcassets in Resources */,
				3FAD02D7238FBC3F0084EDC9 /* Main.storyboard in Resources */,
			);
			runOnlyForDeploymentPostprocessing = 0;
		};
/* End PBXResourcesBuildPhase section */

/* Begin PBXSourcesBuildPhase section */
		3FAD02C8238FBC3F0084EDC9 /* Sources */ = {
			isa = PBXSourcesBuildPhase;
			buildActionMask = 2147483647;
			files = (
				3FAD02E6238FF8A70084EDC9 /* Meal.swift in Sources */,
				3FAD02E4238FE48A0084EDC9 /* RatingControl.swift in Sources */,
				3FAD02EA239002C90084EDC9 /* MealTableViewController.swift in Sources */,
				3FAD02E8238FFC800084EDC9 /* MealTableViewCell.swift in Sources */,
				3FAD02D4238FBC3F0084EDC9 /* MealViewController.swift in Sources */,
				3FAD02D0238FBC3F0084EDC9 /* AppDelegate.swift in Sources */,
				3FAD02D2238FBC3F0084EDC9 /* SceneDelegate.swift in Sources */,
			);
			runOnlyForDeploymentPostprocessing = 0;
		};
/* End PBXSourcesBuildPhase section */

/* Begin PBXVariantGroup section */
		3FAD02D5238FBC3F0084EDC9 /* Main.storyboard */ = {
			isa = PBXVariantGroup;
			children = (
				3FAD02D6238FBC3F0084EDC9 /* Base */,
			);
			name = Main.storyboard;
			sourceTree = "<group>";
		};
		3FAD02DA238FBC420084EDC9 /* LaunchScreen.storyboard */ = {
			isa = PBXVariantGroup;
			children = (
				3FAD02DB238FBC420084EDC9 /* Base */,
			);
			name = LaunchScreen.storyboard;
			sourceTree = "<group>";
		};
/* End PBXVariantGroup section */

/* Begin XCBuildConfiguration section */
		3FAD02DE238FBC420084EDC9 /* Debug */ = {
			isa = XCBuildConfiguration;
			buildSettings = {
				ALWAYS_SEARCH_USER_PATHS = NO;
				CLANG_ANALYZER_NONNULL = YES;
				CLANG_ANALYZER_NUMBER_OBJECT_CONVERSION = YES_AGGRESSIVE;
				CLANG_CXX_LANGUAGE_STANDARD = "gnu++14";
				CLANG_CXX_LIBRARY = "libc++";
				CLANG_ENABLE_MODULES = YES;
				CLANG_ENABLE_OBJC_ARC = YES;
				CLANG_ENABLE_OBJC_WEAK = YES;
				CLANG_WARN_BLOCK_CAPTURE_AUTORELEASING = YES;
				CLANG_WARN_BOOL_CONVERSION = YES;
				CLANG_WARN_COMMA = YES;
				CLANG_WARN_CONSTANT_CONVERSION = YES;
				CLANG_WARN_DEPRECATED_OBJC_IMPLEMENTATIONS = YES;
				CLANG_WARN_DIRECT_OBJC_ISA_USAGE = YES_ERROR;
				CLANG_WARN_DOCUMENTATION_COMMENTS = YES;
				CLANG_WARN_EMPTY_BODY = YES;
				CLANG_WARN_ENUM_CONVERSION = YES;
				CLANG_WARN_INFINITE_RECURSION = YES;
				CLANG_WARN_INT_CONVERSION = YES;
				CLANG_WARN_NON_LITERAL_NULL_CONVERSION = YES;
				CLANG_WARN_OBJC_IMPLICIT_RETAIN_SELF = YES;
				CLANG_WARN_OBJC_LITERAL_CONVERSION = YES;
				CLANG_WARN_OBJC_ROOT_CLASS = YES_ERROR;
				CLANG_WARN_RANGE_LOOP_ANALYSIS = YES;
				CLANG_WARN_STRICT_PROTOTYPES = YES;
				CLANG_WARN_SUSPICIOUS_MOVE = YES;
				CLANG_WARN_UNGUARDED_AVAILABILITY = YES_AGGRESSIVE;
				CLANG_WARN_UNREACHABLE_CODE = YES;
				CLANG_WARN__DUPLICATE_METHOD_MATCH = YES;
				COPY_PHASE_STRIP = NO;
				DEBUG_INFORMATION_FORMAT = dwarf;
				ENABLE_STRICT_OBJC_MSGSEND = YES;
				ENABLE_TESTABILITY = YES;
				GCC_C_LANGUAGE_STANDARD = gnu11;
				GCC_DYNAMIC_NO_PIC = NO;
				GCC_NO_COMMON_BLOCKS = YES;
				GCC_OPTIMIZATION_LEVEL = 0;
				GCC_PREPROCESSOR_DEFINITIONS = (
					"DEBUG=1",
					"$(inherited)",
				);
				GCC_WARN_64_TO_32_BIT_CONVERSION = YES;
				GCC_WARN_ABOUT_RETURN_TYPE = YES_ERROR;
				GCC_WARN_UNDECLARED_SELECTOR = YES;
				GCC_WARN_UNINITIALIZED_AUTOS = YES_AGGRESSIVE;
				GCC_WARN_UNUSED_FUNCTION = YES;
				GCC_WARN_UNUSED_VARIABLE = YES;
				IPHONEOS_DEPLOYMENT_TARGET = 13.1;
				MTL_ENABLE_DEBUG_INFO = INCLUDE_SOURCE;
				MTL_FAST_MATH = YES;
				ONLY_ACTIVE_ARCH = YES;
				SDKROOT = iphoneos;
				SWIFT_ACTIVE_COMPILATION_CONDITIONS = DEBUG;
				SWIFT_OPTIMIZATION_LEVEL = "-Onone";
			};
			name = Debug;
		};
		3FAD02DF238FBC420084EDC9 /* Release */ = {
			isa = XCBuildConfiguration;
			buildSettings = {
				ALWAYS_SEARCH_USER_PATHS = NO;
				CLANG_ANALYZER_NONNULL = YES;
				CLANG_ANALYZER_NUMBER_OBJECT_CONVERSION = YES_AGGRESSIVE;
				CLANG_CXX_LANGUAGE_STANDARD = "gnu++14";
				CLANG_CXX_LIBRARY = "libc++";
				CLANG_ENABLE_MODULES = YES;
				CLANG_ENABLE_OBJC_ARC = YES;
				CLANG_ENABLE_OBJC_WEAK = YES;
				CLANG_WARN_BLOCK_CAPTURE_AUTORELEASING = YES;
				CLANG_WARN_BOOL_CONVERSION = YES;
				CLANG_WARN_COMMA = YES;
				CLANG_WARN_CONSTANT_CONVERSION = YES;
				CLANG_WARN_DEPRECATED_OBJC_IMPLEMENTATIONS = YES;
				CLANG_WARN_DIRECT_OBJC_ISA_USAGE = YES_ERROR;
				CLANG_WARN_DOCUMENTATION_COMMENTS = YES;
				CLANG_WARN_EMPTY_BODY = YES;
				CLANG_WARN_ENUM_CONVERSION = YES;
				CLANG_WARN_INFINITE_RECURSION = YES;
				CLANG_WARN_INT_CONVERSION = YES;
				CLANG_WARN_NON_LITERAL_NULL_CONVERSION = YES;
				CLANG_WARN_OBJC_IMPLICIT_RETAIN_SELF = YES;
				CLANG_WARN_OBJC_LITERAL_CONVERSION = YES;
				CLANG_WARN_OBJC_ROOT_CLASS = YES_ERROR;
				CLANG_WARN_RANGE_LOOP_ANALYSIS = YES;
				CLANG_WARN_STRICT_PROTOTYPES = YES;
				CLANG_WARN_SUSPICIOUS_MOVE = YES;
				CLANG_WARN_UNGUARDED_AVAILABILITY = YES_AGGRESSIVE;
				CLANG_WARN_UNREACHABLE_CODE = YES;
				CLANG_WARN__DUPLICATE_METHOD_MATCH = YES;
				COPY_PHASE_STRIP = NO;
				DEBUG_INFORMATION_FORMAT = "dwarf-with-dsym";
				ENABLE_NS_ASSERTIONS = NO;
				ENABLE_STRICT_OBJC_MSGSEND = YES;
				GCC_C_LANGUAGE_STANDARD = gnu11;
				GCC_NO_COMMON_BLOCKS = YES;
				GCC_WARN_64_TO_32_BIT_CONVERSION = YES;
				GCC_WARN_ABOUT_RETURN_TYPE = YES_ERROR;
				GCC_WARN_UNDECLARED_SELECTOR = YES;
				GCC_WARN_UNINITIALIZED_AUTOS = YES_AGGRESSIVE;
				GCC_WARN_UNUSED_FUNCTION = YES;
				GCC_WARN_UNUSED_VARIABLE = YES;
				IPHONEOS_DEPLOYMENT_TARGET = 13.1;
				MTL_ENABLE_DEBUG_INFO = NO;
				MTL_FAST_MATH = YES;
				SDKROOT = iphoneos;
				SWIFT_COMPILATION_MODE = wholemodule;
				SWIFT_OPTIMIZATION_LEVEL = "-O";
				VALIDATE_PRODUCT = YES;
			};
			name = Release;
		};
		3FAD02E1238FBC420084EDC9 /* Debug */ = {
			isa = XCBuildConfiguration;
			buildSettings = {
				ASSETCATALOG_COMPILER_APPICON_NAME = AppIcon;
				CODE_SIGN_STYLE = Automatic;
				INFOPLIST_FILE = LabReport11/Info.plist;
				LD_RUNPATH_SEARCH_PATHS = (
					"$(inherited)",
					"@executable_path/Frameworks",
				);
				PRODUCT_BUNDLE_IDENTIFIER = ouyunlong.LabReport11;
				PRODUCT_NAME = "$(TARGET_NAME)";
				SWIFT_VERSION = 5.0;
				TARGETED_DEVICE_FAMILY = "1,2";
			};
			name = Debug;
		};
		3FAD02E2238FBC420084EDC9 /* Release */ = {
			isa = XCBuildConfiguration;
			buildSettings = {
				ASSETCATALOG_COMPILER_APPICON_NAME = AppIcon;
				CODE_SIGN_STYLE = Automatic;
				INFOPLIST_FILE = LabReport11/Info.plist;
				LD_RUNPATH_SEARCH_PATHS = (
					"$(inherited)",
					"@executable_path/Frameworks",
				);
				PRODUCT_BUNDLE_IDENTIFIER = ouyunlong.LabReport11;
				PRODUCT_NAME = "$(TARGET_NAME)";
				SWIFT_VERSION = 5.0;
				TARGETED_DEVICE_FAMILY = "1,2";
			};
			name = Release;
		};
/* End XCBuildConfiguration section */

/* Begin XCConfigurationList section */
		3FAD02C7238FBC3F0084EDC9 /* Build configuration list for PBXProject "LabReport11" */ = {
			isa = XCConfigurationList;
			buildConfigurations = (
				3FAD02DE238FBC420084EDC9 /* Debug */,
				3FAD02DF238FBC420084EDC9 /* Release */,
			);
			defaultConfigurationIsVisible = 0;
			defaultConfigurationName = Release;
		};
		3FAD02E0238FBC420084EDC9 /* Build configuration list for PBXNativeTarget "LabReport11" */ = {
			isa = XCConfigurationList;
			buildConfigurations = (
				3FAD02E1238FBC420084EDC9 /* Debug */,
				3FAD02E2238FBC420084EDC9 /* Release */,
			);
			defaultConfigurationIsVisible = 0;
			defaultConfigurationName = Release;
		};
/* End XCConfigurationList section */
	};
	rootObject = 3FAD02C4238FBC3F0084EDC9 /* Project object */;
}
